
Microsoft Visual Studio Solution File, Format Version 12.00
# Visual Studio Version 17
VisualStudioVersion = 17.0.31903.59
MinimumVisualStudioVersion = 10.0.40219.1
Project("{2150E333-8FDC-42A3-9474-1A3956D46DE8}") = "Solution Items", "Solution Items", "{4E1B5716-B70D-4F89-A416-2B20723D5306}"
	ProjectSection(SolutionItems) = preProject
		.editorconfig = .editorconfig
		.gitattributes = .gitattributes
		.gitignore = .gitignore
		build.ps1 = build.ps1
		build.sh = build.sh
		GitVersion.yml = GitVersion.yml
		LICENSE = LICENSE
		nuget.config = nuget.config
		README.md = README.md
	EndProjectSection
EndProject
Project("{9A19103F-16F7-4668-BE54-9A1E7A4F7556}") = "Build", "build\Build.csproj", "{D86494C6-7873-47B3-AB47-DDE36E47B59F}"
EndProject
Project("{9A19103F-16F7-4668-BE54-9A1E7A4F7556}") = "Mumrich.SpaDevMiddleware.Domain", "Mumrich.SpaDevMiddleware.Domain\Mumrich.SpaDevMiddleware.Domain.csproj", "{6432D327-81CE-4965-A774-A16F73B0D972}"
EndProject
Project("{9A19103F-16F7-4668-BE54-9A1E7A4F7556}") = "Mumrich.SpaDevMiddleware.MsBuild", "Mumrich.SpaDevMiddleware.MsBuild\Mumrich.SpaDevMiddleware.MsBuild.csproj", "{162670F0-5E27-4936-BF13-B7CDD50F210B}"
EndProject
Project("{9A19103F-16F7-4668-BE54-9A1E7A4F7556}") = "Mumrich.SpaDevMiddleware", "Mumrich.SpaDevMiddleware\Mumrich.SpaDevMiddleware.csproj", "{EA6EB9DA-0EBA-4B33-9102-6C3483410BDA}"
EndProject
Project("{9A19103F-16F7-4668-BE54-9A1E7A4F7556}") = "WebSpaVue", "WebSpaVue\WebSpaVue.csproj", "{47893F47-BEB5-4B54-9E55-79F862E9818B}"
EndProject
Project("{9A19103F-16F7-4668-BE54-9A1E7A4F7556}") = "Mumrich.DDD", "Mumrich.DDD\Mumrich.DDD.csproj", "{6D552CDB-78FD-4A32-9B6A-1A096B66D928}"
EndProject
Project("{2150E333-8FDC-42A3-9474-1A3956D46DE8}") = ".vscode", ".vscode", "{4B400A43-FF6C-46AB-9746-CC03D8D3A14D}"
	ProjectSection(SolutionItems) = preProject
		.vscode\launch.json = .vscode\launch.json
		.vscode\tasks.json = .vscode\tasks.json
	EndProjectSection
EndProject
Project("{2150E333-8FDC-42A3-9474-1A3956D46DE8}") = ".github", ".github", "{6A182664-CF6C-4EA7-A951-57FB785E1A94}"
EndProject
Project("{2150E333-8FDC-42A3-9474-1A3956D46DE8}") = "workflows", "workflows", "{99065A36-1CA2-4E07-A57B-A6180B6B47E2}"
	ProjectSection(SolutionItems) = preProject
		.github\workflows\main.yml = .github\workflows\main.yml
	EndProjectSection
EndProject
Global
	GlobalSection(SolutionConfigurationPlatforms) = preSolution
		Debug|Any CPU = Debug|Any CPU
		Release|Any CPU = Release|Any CPU
	EndGlobalSection
	GlobalSection(ProjectConfigurationPlatforms) = postSolution
		{D86494C6-7873-47B3-AB47-DDE36E47B59F}.Debug|Any CPU.ActiveCfg = Debug|Any CPU
		{D86494C6-7873-47B3-AB47-DDE36E47B59F}.Debug|Any CPU.Build.0 = Debug|Any CPU
		{D86494C6-7873-47B3-AB47-DDE36E47B59F}.Release|Any CPU.ActiveCfg = Release|Any CPU
		{D86494C6-7873-47B3-AB47-DDE36E47B59F}.Release|Any CPU.Build.0 = Release|Any CPU
		{6432D327-81CE-4965-A774-A16F73B0D972}.Debug|Any CPU.ActiveCfg = Debug|Any CPU
		{6432D327-81CE-4965-A774-A16F73B0D972}.Debug|Any CPU.Build.0 = Debug|Any CPU
		{6432D327-81CE-4965-A774-A16F73B0D972}.Release|Any CPU.ActiveCfg = Release|Any CPU
		{6432D327-81CE-4965-A774-A16F73B0D972}.Release|Any CPU.Build.0 = Release|Any CPU
		{162670F0-5E27-4936-BF13-B7CDD50F210B}.Debug|Any CPU.ActiveCfg = Debug|Any CPU
		{162670F0-5E27-4936-BF13-B7CDD50F210B}.Debug|Any CPU.Build.0 = Debug|Any CPU
		{162670F0-5E27-4936-BF13-B7CDD50F210B}.Release|Any CPU.ActiveCfg = Release|Any CPU
		{162670F0-5E27-4936-BF13-B7CDD50F210B}.Release|Any CPU.Build.0 = Release|Any CPU
		{EA6EB9DA-0EBA-4B33-9102-6C3483410BDA}.Debug|Any CPU.ActiveCfg = Debug|Any CPU
		{EA6EB9DA-0EBA-4B33-9102-6C3483410BDA}.Debug|Any CPU.Build.0 = Debug|Any CPU
		{EA6EB9DA-0EBA-4B33-9102-6C3483410BDA}.Release|Any CPU.ActiveCfg = Release|Any CPU
		{EA6EB9DA-0EBA-4B33-9102-6C3483410BDA}.Release|Any CPU.Build.0 = Release|Any CPU
		{47893F47-BEB5-4B54-9E55-79F862E9818B}.Debug|Any CPU.ActiveCfg = Debug|Any CPU
		{47893F47-BEB5-4B54-9E55-79F862E9818B}.Debug|Any CPU.Build.0 = Debug|Any CPU
		{47893F47-BEB5-4B54-9E55-79F862E9818B}.Release|Any CPU.ActiveCfg = Release|Any CPU
		{47893F47-BEB5-4B54-9E55-79F862E9818B}.Release|Any CPU.Build.0 = Release|Any CPU
		{6D552CDB-78FD-4A32-9B6A-1A096B66D928}.Debug|Any CPU.ActiveCfg = Debug|Any CPU
		{6D552CDB-78FD-4A32-9B6A-1A096B66D928}.Debug|Any CPU.Build.0 = Debug|Any CPU
		{6D552CDB-78FD-4A32-9B6A-1A096B66D928}.Release|Any CPU.ActiveCfg = Release|Any CPU
		{6D552CDB-78FD-4A32-9B6A-1A096B66D928}.Release|Any CPU.Build.0 = Release|Any CPU
	EndGlobalSection
	GlobalSection(SolutionProperties) = preSolution
		HideSolutionNode = FALSE
	EndGlobalSection
	GlobalSection(NestedProjects) = preSolution
		{4B400A43-FF6C-46AB-9746-CC03D8D3A14D} = {4E1B5716-B70D-4F89-A416-2B20723D5306}
		{6A182664-CF6C-4EA7-A951-57FB785E1A94} = {4E1B5716-B70D-4F89-A416-2B20723D5306}
		{99065A36-1CA2-4E07-A57B-A6180B6B47E2} = {6A182664-CF6C-4EA7-A951-57FB785E1A94}
	EndGlobalSection
	GlobalSection(ExtensibilityGlobals) = postSolution
		SolutionGuid = {37B5B4BA-4127-44CB-90EF-11A930FC27F1}
	EndGlobalSection
EndGlobal
